
Microsoft Visual Studio Solution File, Format Version 12.00
# Visual Studio Version 16
VisualStudioVersion = 16.0.30204.135
MinimumVisualStudioVersion = 10.0.40219.1
Project("{FAE04EC0-301F-11D3-BF4B-00C04F79EFBC}") = "BlazorApp1", "BlazorApp1.csproj", "{300C90A6-8BEC-488E-B956-93DF30109ED8}"
EndProject
Global
	GlobalSection(SolutionConfigurationPlatforms) = preSolution
		Debug|Any CPU = Debug|Any CPU
		Release|Any CPU = Release|Any CPU
	EndGlobalSection
	GlobalSection(ProjectConfigurationPlatforms) = postSolution
		{300C90A6-8BEC-488E-B956-93DF30109ED8}.Debug|Any CPU.ActiveCfg = Debug|Any CPU
		{300C90A6-8BEC-488E-B956-93DF30109ED8}.Debug|Any CPU.Build.0 = Debug|Any CPU
		{300C90A6-8BEC-488E-B956-93DF30109ED8}.Release|Any CPU.ActiveCfg = Release|Any CPU
		{300C90A6-8BEC-488E-B956-93DF30109ED8}.Release|Any CPU.Build.0 = Release|Any CPU
	EndGlobalSection
	GlobalSection(SolutionProperties) = preSolution
		HideSolutionNode = FALSE
	EndGlobalSection
	GlobalSection(ExtensibilityGlobals) = postSolution
		SolutionGuid = {E90C3520-B315-4D39-AB6D-8DA83601828F}
	EndGlobalSection
EndGlobal
